// !$*UTF8*$!
{
	archiveVersion = 1;
	classes = {
	};
	objectVersion = 46;
	objects = {

/* Begin PBXBuildFile section */
		8810A9091D47755100ECF263 /* Slot.swift in Sources */ = {isa = PBXBuildFile; fileRef = 8810A9081D47755100ECF263 /* Slot.swift */; };
		8810A90B1D47772B00ECF263 /* Factory.swift in Sources */ = {isa = PBXBuildFile; fileRef = 8810A90A1D47772B00ECF263 /* Factory.swift */; };
		88278F691D46C37A004F421F /* AppDelegate.swift in Sources */ = {isa = PBXBuildFile; fileRef = 88278F681D46C37A004F421F /* AppDelegate.swift */; };
		88278F6B1D46C37A004F421F /* ViewController.swift in Sources */ = {isa = PBXBuildFile; fileRef = 88278F6A1D46C37A004F421F /* ViewController.swift */; };
		88278F6E1D46C37A004F421F /* Main.storyboard in Resources */ = {isa = PBXBuildFile; fileRef = 88278F6C1D46C37A004F421F /* Main.storyboard */; };
		88278F701D46C37A004F421F /* Assets.xcassets in Resources */ = {isa = PBXBuildFile; fileRef = 88278F6F1D46C37A004F421F /* Assets.xcassets */; };
		88278F731D46C37A004F421F /* LaunchScreen.storyboard in Resources */ = {isa = PBXBuildFile; fileRef = 88278F711D46C37A004F421F /* LaunchScreen.storyboard */; };
/* End PBXBuildFile section */

/* Begin PBXFileReference section */
		8810A9081D47755100ECF263 /* Slot.swift */ = {isa = PBXFileReference; fileEncoding = 4; lastKnownFileType = sourcecode.swift; path = Slot.swift; sourceTree = "<group>"; };
		8810A90A1D47772B00ECF263 /* Factory.swift */ = {isa = PBXFileReference; fileEncoding = 4; lastKnownFileType = sourcecode.swift; path = Factory.swift; sourceTree = "<group>"; };
		88278F651D46C37A004F421F /* SlotMachine.app */ = {isa = PBXFileReference; explicitFileType = wrapper.application; includeInIndex = 0; path = SlotMachine.app; sourceTree = BUILT_PRODUCTS_DIR; };
		88278F681D46C37A004F421F /* AppDelegate.swift */ = {isa = PBXFileReference; lastKnownFileType = sourcecode.swift; path = AppDelegate.swift; sourceTree = "<group>"; };
		88278F6A1D46C37A004F421F /* ViewController.swift */ = {isa = PBXFileReference; lastKnownFileType = sourcecode.swift; path = ViewController.swift; sourceTree = "<group>"; };
		88278F6D1D46C37A004F421F /* Base */ = {isa = PBXFileReference; lastKnownFileType = file.storyboard; name = Base; path = Base.lproj/Main.storyboard; sourceTree = "<group>"; };
		88278F6F1D46C37A004F421F /* Assets.xcassets */ = {isa = PBXFileReference; lastKnownFileType = folder.assetcatalog; path = Assets.xcassets; sourceTree = "<group>"; };
		88278F721D46C37A004F421F /* Base */ = {isa = PBXFileReference; lastKnownFileType = file.storyboard; name = Base; path = Base.lproj/LaunchScreen.storyboard; sourceTree = "<group>"; };
		88278F741D46C37A004F421F /* Info.plist */ = {isa = PBXFileReference; lastKnownFileType = text.plist.xml; path = Info.plist; sourceTree = "<group>"; };
/* End PBXFileReference section */

/* Begin PBXFrameworksBuildPhase section */
		88278F621D46C37A004F421F /* Frameworks */ = {
			isa = PBXFrameworksBuildPhase;
			buildActionMask = 2147483647;
			files = (
			);
			runOnlyForDeploymentPostprocessing = 0;
		};
/* End PBXFrameworksBuildPhase section */

/* Begin PBXGroup section */
		88278F5C1D46C37A004F421F = {
			isa = PBXGroup;
			children = (
				88278F671D46C37A004F421F /* SlotMachine */,
				88278F661D46C37A004F421F /* Products */,
			);
			sourceTree = "<group>";
		};
		88278F661D46C37A004F421F /* Products */ = {
			isa = PBXGroup;
			children = (
				88278F651D46C37A004F421F /* SlotMachine.app */,
			);
			name = Products;
			sourceTree = "<group>";
		};
		88278F671D46C37A004F421F /* SlotMachine */ = {
			isa = PBXGroup;
			children = (
				88278F681D46C37A004F421F /* AppDelegate.swift */,
				88278F6A1D46C37A004F421F /* ViewController.swift */,
				8810A9081D47755100ECF263 /* Slot.swift */,
				8810A90A1D47772B00ECF263 /* Factory.swift */,
				88278F6C1D46C37A004F421F /* Main.storyboard */,
				88278F6F1D46C37A004F421F /* Assets.xcassets */,
				88278F711D46C37A004F421F /* LaunchScreen.storyboard */,
				88278F741D46C37A004F421F /* Info.plist */,
			);
			path = SlotMachine;
			sourceTree = "<group>";
		};
/* End PBXGroup section */

/* Begin PBXNativeTarget section */
		88278F641D46C37A004F421F /* SlotMachine */ = {
			isa = PBXNativeTarget;
			buildConfigurationList = 88278F771D46C37A004F421F /* Build configuration list for PBXNativeTarget "SlotMachine" */;
			buildPhases = (
				88278F611D46C37A004F421F /* Sources */,
				88278F621D46C37A004F421F /* Frameworks */,
				88278F631D46C37A004F421F /* Resources */,
			);
			buildRules = (
			);
			dependencies = (
			);
			name = SlotMachine;
			productName = SlotMachine;
			productReference = 88278F651D46C37A004F421F /* SlotMachine.app */;
			productType = "com.apple.product-type.application";
		};
/* End PBXNativeTarget section */

/* Begin PBXProject section */
		88278F5D1D46C37A004F421F /* Project object */ = {
			isa = PBXProject;
			attributes = {
				LastSwiftUpdateCheck = 0730;
				LastUpgradeCheck = 0730;
				ORGANIZATIONNAME = "Maciej Sugajski";
				TargetAttributes = {
					88278F641D46C37A004F421F = {
						CreatedOnToolsVersion = 7.3.1;
					};
				};
			};
			buildConfigurationList = 88278F601D46C37A004F421F /* Build configuration list for PBXProject "SlotMachine" */;
			compatibilityVersion = "Xcode 3.2";
			developmentRegion = English;
			hasScannedForEncodings = 0;
			knownRegions = (
				en,
				Base,
			);
			mainGroup = 88278F5C1D46C37A004F421F;
			productRefGroup = 88278F661D46C37A004F421F /* Products */;
			projectDirPath = "";
			projectRoot = "";
			targets = (
				88278F641D46C37A004F421F /* SlotMachine */,
			);
		};
/* End PBXProject section */

/* Begin PBXResourcesBuildPhase section */
		88278F631D46C37A004F421F /* Resources */ = {
			isa = PBXResourcesBuildPhase;
			buildActionMask = 2147483647;
			files = (
				88278F731D46C37A004F421F /* LaunchScreen.storyboard in Resources */,
				88278F701D46C37A004F421F /* Assets.xcassets in Resources */,
				88278F6E1D46C37A004F421F /* Main.storyboard in Resources */,
			);
			runOnlyForDeploymentPostprocessing = 0;
		};
/* End PBXResourcesBuildPhase section */

/* Begin PBXSourcesBuildPhase section */
		88278F611D46C37A004F421F /* Sources */ = {
			isa = PBXSourcesBuildPhase;
			buildActionMask = 2147483647;
			files = (
				8810A90B1D47772B00ECF263 /* Factory.swift in Sources */,
				88278F6B1D46C37A004F421F /* ViewController.swift in Sources */,
				8810A9091D47755100ECF263 /* Slot.swift in Sources */,
				88278F691D46C37A004F421F /* AppDelegate.swift in Sources */,
			);
			runOnlyForDeploymentPostprocessing = 0;
		};
/* End PBXSourcesBuildPhase section */

/* Begin PBXVariantGroup section */
		88278F6C1D46C37A004F421F /* Main.storyboard */ = {
			isa = PBXVariantGroup;
			children = (
				88278F6D1D46C37A004F421F /* Base */,
			);
			name = Main.storyboard;
			sourceTree = "<group>";
		};
		88278F711D46C37A004F421F /* LaunchScreen.storyboard */ = {
			isa = PBXVariantGroup;
			children = (
				88278F721D46C37A004F421F /* Base */,
			);
			name = LaunchScreen.storyboard;
			sourceTree = "<group>";
		};
/* End PBXVariantGroup section */

/* Begin XCBuildConfiguration section */
		88278F751D46C37A004F421F /* Debug */ = {
			isa = XCBuildConfiguration;
			buildSettings = {
				ALWAYS_SEARCH_USER_PATHS = NO;
				CLANG_ANALYZER_NONNULL = YES;
				CLANG_CXX_LANGUAGE_STANDARD = "gnu++0x";
				CLANG_CXX_LIBRARY = "libc++";
				CLANG_ENABLE_MODULES = YES;
				CLANG_ENABLE_OBJC_ARC = YES;
				CLANG_WARN_BOOL_CONVERSION = YES;
				CLANG_WARN_CONSTANT_CONVERSION = YES;
				CLANG_WARN_DIRECT_OBJC_ISA_USAGE = YES_ERROR;
				CLANG_WARN_EMPTY_BODY = YES;
				CLANG_WARN_ENUM_CONVERSION = YES;
				CLANG_WARN_INT_CONVERSION = YES;
				CLANG_WARN_OBJC_ROOT_CLASS = YES_ERROR;
				CLANG_WARN_UNREACHABLE_CODE = YES;
				CLANG_WARN__DUPLICATE_METHOD_MATCH = YES;
				"CODE_SIGN_IDENTITY[sdk=iphoneos*]" = "iPhone Developer";
				COPY_PHASE_STRIP = NO;
				DEBUG_INFORMATION_FORMAT = dwarf;
				ENABLE_STRICT_OBJC_MSGSEND = YES;
				ENABLE_TESTABILITY = YES;
				GCC_C_LANGUAGE_STANDARD = gnu99;
				GCC_DYNAMIC_NO_PIC = NO;
				GCC_NO_COMMON_BLOCKS = YES;
				GCC_OPTIMIZATION_LEVEL = 0;
				GCC_PREPROCESSOR_DEFINITIONS = (
					"DEBUG=1",
					"$(inherited)",
				);
				GCC_WARN_64_TO_32_BIT_CONVERSION = YES;
				GCC_WARN_ABOUT_RETURN_TYPE = YES_ERROR;
				GCC_WARN_UNDECLARED_SELECTOR = YES;
				GCC_WARN_UNINITIALIZED_AUTOS = YES_AGGRESSIVE;
				GCC_WARN_UNUSED_FUNCTION = YES;
				GCC_WARN_UNUSED_VARIABLE = YES;
				IPHONEOS_DEPLOYMENT_TARGET = 9.3;
				MTL_ENABLE_DEBUG_INFO = YES;
				ONLY_ACTIVE_ARCH = YES;
				SDKROOT = iphoneos;
				SWIFT_OPTIMIZATION_LEVEL = "-Onone";
				TARGETED_DEVICE_FAMILY = "1,2";
			};
			name = Debug;
		};
		88278F761D46C37A004F421F /* Release */ = {
			isa = XCBuildConfiguration;
			buildSettings = {
				ALWAYS_SEARCH_USER_PATHS = NO;
				CLANG_ANALYZER_NONNULL = YES;
				CLANG_CXX_LANGUAGE_STANDARD = "gnu++0x";
				CLANG_CXX_LIBRARY = "libc++";
				CLANG_ENABLE_MODULES = YES;
				CLANG_ENABLE_OBJC_ARC = YES;
				CLANG_WARN_BOOL_CONVERSION = YES;
				CLANG_WARN_CONSTANT_CONVERSION = YES;
				CLANG_WARN_DIRECT_OBJC_ISA_USAGE = YES_ERROR;
				CLANG_WARN_EMPTY_BODY = YES;
				CLANG_WARN_ENUM_CONVERSION = YES;
				CLANG_WARN_INT_CONVERSION = YES;
				CLANG_WARN_OBJC_ROOT_CLASS = YES_ERROR;
				CLANG_WARN_UNREACHABLE_CODE = YES;
				CLANG_WARN__DUPLICATE_METHOD_MATCH = YES;
				"CODE_SIGN_IDENTITY[sdk=iphoneos*]" = "iPhone Developer";
				COPY_PHASE_STRIP = NO;
				DEBUG_INFORMATION_FORMAT = "dwarf-with-dsym";
				ENABLE_NS_ASSERTIONS = NO;
				ENABLE_STRICT_OBJC_MSGSEND = YES;
				GCC_C_LANGUAGE_STANDARD = gnu99;
				GCC_NO_COMMON_BLOCKS = YES;
				GCC_WARN_64_TO_32_BIT_CONVERSION = YES;
				GCC_WARN_ABOUT_RETURN_TYPE = YES_ERROR;
				GCC_WARN_UNDECLARED_SELECTOR = YES;
				GCC_WARN_UNINITIALIZED_AUTOS = YES_AGGRESSIVE;
				GCC_WARN_UNUSED_FUNCTION = YES;
				GCC_WARN_UNUSED_VARIABLE = YES;
				IPHONEOS_DEPLOYMENT_TARGET = 9.3;
				MTL_ENABLE_DEBUG_INFO = NO;
				SDKROOT = iphoneos;
				TARGETED_DEVICE_FAMILY = "1,2";
				VALIDATE_PRODUCT = YES;
			};
			name = Release;
		};
		88278F781D46C37A004F421F /* Debug */ = {
			isa = XCBuildConfiguration;
			buildSettings = {
				ASSETCATALOG_COMPILER_APPICON_NAME = AppIcon;
				INFOPLIST_FILE = SlotMachine/Info.plist;
				IPHONEOS_DEPLOYMENT_TARGET = 9.3;
				LD_RUNPATH_SEARCH_PATHS = "$(inherited) @executable_path/Frameworks";
				PRODUCT_BUNDLE_IDENTIFIER = com.maciejsugajski.SlotMachine;
				PRODUCT_NAME = "$(TARGET_NAME)";
			};
			name = Debug;
		};
		88278F791D46C37A004F421F /* Release */ = {
			isa = XCBuildConfiguration;
			buildSettings = {
				ASSETCATALOG_COMPILER_APPICON_NAME = AppIcon;
				INFOPLIST_FILE = SlotMachine/Info.plist;
				IPHONEOS_DEPLOYMENT_TARGET = 9.3;
				LD_RUNPATH_SEARCH_PATHS = "$(inherited) @executable_path/Frameworks";
				PRODUCT_BUNDLE_IDENTIFIER = com.maciejsugajski.SlotMachine;
				PRODUCT_NAME = "$(TARGET_NAME)";
			};
			name = Release;
		};
/* End XCBuildConfiguration section */

/* Begin XCConfigurationList section */
		88278F601D46C37A004F421F /* Build configuration list for PBXProject "SlotMachine" */ = {
			isa = XCConfigurationList;
			buildConfigurations = (
				88278F751D46C37A004F421F /* Debug */,
				88278F761D46C37A004F421F /* Release */,
			);
			defaultConfigurationIsVisible = 0;
			defaultConfigurationName = Release;
		};
		88278F771D46C37A004F421F /* Build configuration list for PBXNativeTarget "SlotMachine" */ = {
			isa = XCConfigurationList;
			buildConfigurations = (
				88278F781D46C37A004F421F /* Debug */,
				88278F791D46C37A004F421F /* Release */,
			);
			defaultConfigurationIsVisible = 0;
			defaultConfigurationName = Release;
		};
/* End XCConfigurationList section */
	};
	rootObject = 88278F5D1D46C37A004F421F /* Project object */;
}
